# THIS IS AN AUTOGENERATED FILE. DO NOT EDIT THIS FILE DIRECTLY.
# yarn lockfile v1


"@prisma/client@2.30.2":
  version "2.30.2"
  resolved "https://registry.yarnpkg.com/@prisma/client/-/client-2.30.2.tgz#4e7f90f27a176d95769609e65932a4b95aa8da3f"
  integrity sha512-cfS/1UWBRE4sq0z7spGLYqOE0oN2YJJvKtm+63o7h/BI6ji10VWla79aXBTXj3AImtfykNtC6OHtFVawEl/49w==
  dependencies:
    "@prisma/engines-version" "2.30.1-2.b8c35d44de987a9691890b3ddf3e2e7effb9bf20"

"@prisma/engines-version@2.30.1-2.b8c35d44de987a9691890b3ddf3e2e7effb9bf20":
  version "2.30.1-2.b8c35d44de987a9691890b3ddf3e2e7effb9bf20"
  resolved "https://registry.yarnpkg.com/@prisma/engines-version/-/engines-version-2.30.1-2.b8c35d44de987a9691890b3ddf3e2e7effb9bf20.tgz#d5ef55c92beeba56e52bba12b703af0bfd30530d"
  integrity sha512-/iDRgaoSQC77WN2oDsOM8dn61fykm6tnZUAClY+6p+XJbOEgZ9gy4CKuKTBgrjSGDVjtQ/S2KGcYd3Ring8xaw==

"@prisma/engines@2.30.1-2.b8c35d44de987a9691890b3ddf3e2e7effb9bf20":
  version "2.30.1-2.b8c35d44de987a9691890b3ddf3e2e7effb9bf20"
  resolved "https://registry.yarnpkg.com/@prisma/engines/-/engines-2.30.1-2.b8c35d44de987a9691890b3ddf3e2e7effb9bf20.tgz#2df768aa7c9f84acaa1f35c970417822233a9fb1"
  integrity sha512-WPnA/IUrxDihrRhdP6+8KAVSwsc0zsh8ioPYsLJjOhzVhwpRbuFH2tJDRIAbc+qFh+BbTIZbeyBYt8fpNXaYQQ==

prisma@2.30.2:
  version "2.30.2"
  resolved "https://registry.yarnpkg.com/prisma/-/prisma-2.30.2.tgz#f65ea0a04ff642e1e393d5b42c804bdcb099a465"
  integrity sha512-AoLz3CfD7XM+vfE7IWzxQq1O2+ZZ31+6yfabWeMr32wxdLLxSsGagW80LFgKIsZgWW6Ypwleu5ujyKNvO91WHA==
  dependencies:
    "@prisma/engines" "2.30.1-2.b8c35d44de987a9691890b3ddf3e2e7effb9bf20"
