# THIS IS AN AUTOGENERATED FILE. DO NOT EDIT THIS FILE DIRECTLY.
# yarn lockfile v1


"@prisma/client@5.21.1":
  version "5.21.1"
  resolved "https://registry.yarnpkg.com/@prisma/client/-/client-5.21.1.tgz#ad51ef220eb80173f882e859960d81e626b73898"
  integrity sha512-3n+GgbAZYjaS/k0M03yQsQfR1APbr411r74foknnsGpmhNKBG49VuUkxIU6jORgvJPChoD4WC4PqoHImN1FP0w==

"@prisma/debug@5.21.1":
  version "5.21.1"
  resolved "https://registry.yarnpkg.com/@prisma/debug/-/debug-5.21.1.tgz#df4383cb8a6273b1d6112cda0f1d5bef73e71be7"
  integrity sha512-uY8SAhcnORhvgtOrNdvWS98Aq/nkQ9QDUxrWAgW8XrCZaI3j2X7zb7Xe6GQSh6xSesKffFbFlkw0c2luHQviZA==

"@prisma/engines-version@5.21.1-1.bf0e5e8a04cada8225617067eaa03d041e2bba36":
  version "5.21.1-1.bf0e5e8a04cada8225617067eaa03d041e2bba36"
  resolved "https://registry.yarnpkg.com/@prisma/engines-version/-/engines-version-5.21.1-1.bf0e5e8a04cada8225617067eaa03d041e2bba36.tgz#8a5f136a8ee71995bf635686bd2f1a6650f9320c"
  integrity sha512-qvnEflL0//lh44S/T9NcvTMxfyowNeUxTunPcDfKPjyJNrCNf2F1zQLcUv5UHAruECpX+zz21CzsC7V2xAeM7Q==

"@prisma/engines@5.21.1":
  version "5.21.1"
  resolved "https://registry.yarnpkg.com/@prisma/engines/-/engines-5.21.1.tgz#05f9bc50eb4aa169b31cadfb402165bd44e0653f"
  integrity sha512-hGVTldUkIkTwoV8//hmnAAiAchi4oMEKD3aW5H2RrnI50tTdwza7VQbTTAyN3OIHWlK5DVg6xV7X8N/9dtOydA==
  dependencies:
    "@prisma/debug" "5.21.1"
    "@prisma/engines-version" "5.21.1-1.bf0e5e8a04cada8225617067eaa03d041e2bba36"
    "@prisma/fetch-engine" "5.21.1"
    "@prisma/get-platform" "5.21.1"

"@prisma/fetch-engine@5.21.1":
  version "5.21.1"
  resolved "https://registry.yarnpkg.com/@prisma/fetch-engine/-/fetch-engine-5.21.1.tgz#c56008f954199a3f3f2183d892f093f64976e4d8"
  integrity sha512-70S31vgpCGcp9J+mh/wHtLCkVezLUqe/fGWk3J3JWZIN7prdYSlr1C0niaWUyNK2VflLXYi8kMjAmSxUVq6WGQ==
  dependencies:
    "@prisma/debug" "5.21.1"
    "@prisma/engines-version" "5.21.1-1.bf0e5e8a04cada8225617067eaa03d041e2bba36"
    "@prisma/get-platform" "5.21.1"

"@prisma/get-platform@5.21.1":
  version "5.21.1"
  resolved "https://registry.yarnpkg.com/@prisma/get-platform/-/get-platform-5.21.1.tgz#a2219e7755cec881dffc66469c31bb0975a95b54"
  integrity sha512-sRxjL3Igst3ct+e8ya/x//cDXmpLbZQ5vfps2N4tWl4VGKQAmym77C/IG/psSMsQKszc8uFC/q1dgmKFLUgXZQ==
  dependencies:
    "@prisma/debug" "5.21.1"

fsevents@2.3.3:
  version "2.3.3"
  resolved "https://registry.yarnpkg.com/fsevents/-/fsevents-2.3.3.tgz#cac6407785d03675a2a5e1a5305c697b347d90d6"
  integrity sha512-5xoDfX+fL7faATnagmWPpbFtwh/R77WmMMqqHGS65C3vvB0YHrgF+B1YmZ3441tMj5n63k0212XNoJwzlhffQw==

prisma@5.21.1:
  version "5.21.1"
  resolved "https://registry.yarnpkg.com/prisma/-/prisma-5.21.1.tgz#3ffe4f4b60ea8df2e6d5f24f0cea090bcc5c0bd6"
  integrity sha512-PB+Iqzld/uQBPaaw2UVIk84kb0ITsLajzsxzsadxxl54eaU5Gyl2/L02ysivHxK89t7YrfQJm+Ggk37uvM70oQ==
  dependencies:
    "@prisma/engines" "5.21.1"
  optionalDependencies:
    fsevents "2.3.3"
